<Solution>
  <Folder Name="/src/">
    <Project Path="src/SmallLang.Compiler.Generators/SmallLang.Compiler.Generators.csproj" />
    <Project Path="src/SmallLang.Compiler/SmallLang.Compiler.csproj" />
  </Folder>
  <Folder Name="/tests/">
    <Project Path="tests/SmallLang.ExampleTests/SmallLang.ExampleTests.csproj" />
  </Folder>
</Solution>
