<Solution>
  <Folder Name="/src/">
    <Project Path="src/Sollang.Compiler.Generators/Sollang.Compiler.Generators.csproj" />
    <Project Path="src/Sollang.Compiler/Sollang.Compiler.csproj" />
    <Project Path="src/Sollang.Playground.Wasm/Sollang.Playground.Wasm.csproj" />
  </Folder>
  <Folder Name="/tests/">
    <Project Path="tests/Sollang.ExampleTests/Sollang.ExampleTests.csproj" />
    <Project Path="tests/Sollang.PlaygroundTests/Sollang.PlaygroundTests.csproj" />
  </Folder>
</Solution>
