lock {
    format: 2
    packages: [
        {
            id: "app@0.1.0"
            source: "path:apps/app"
            dependencies: [
                "math@1.2.3"
            ]
        }
        {
            id: "base@1.4.0"
            source: "path:packages/base"
            dependencies: []
        }
        {
            id: "math@1.2.3"
            source: "path:packages/math"
            dependencies: [
                "base@1.4.0"
            ]
        }
    ]
}
